<?xml version="1.0" encoding="utf-8"?>
<Project ToolsVersion="4.0" xmlns="http://schemas.microsoft.com/developer/msbuild/2003">
  <ItemGroup>
    <Filter Include="소스 파일">
      <UniqueIdentifier>{4FC737F1-C7A5-4376-A066-2A32D752A2FF}</UniqueIdentifier>
      <Extensions>cpp;c;cc;cxx;c++;cppm;ixx;def;odl;idl;hpj;bat;asm;asmx</Extensions>
    </Filter>
    <Filter Include="헤더 파일">
      <UniqueIdentifier>{93995380-89BD-4b04-88EB-625FBE52EBFB}</UniqueIdentifier>
      <Extensions>h;hh;hpp;hxx;h++;hm;inl;inc;ipp;xsd</Extensions>
    </Filter>
    <Filter Include="리소스 파일">
      <UniqueIdentifier>{67DA6AB6-F800-4c08-8B7A-83BB121AAD01}</UniqueIdentifier>
      <Extensions>rc;ico;cur;bmp;dlg;rc2;rct;bin;rgs;gif;jpg;jpeg;jpe;resx;tiff;tif;png;wav;mfcribbon-ms</Extensions>
    </Filter>
  </ItemGroup>
  <ItemGroup>
    <ClCompile Include="Main.c">
      <Filter>소스 파일</Filter>
    </ClCompile>
  </ItemGroup>
  <ItemGroup>
    <ClInclude Include="Sort.h">
      <Filter>헤더 파일</Filter>
    </ClInclude>
    <ClInclude Include="Hash_Mul.h">
      <Filter>헤더 파일</Filter>
    </ClInclude>
    <ClInclude Include="Hash_Div.h">
      <Filter>헤더 파일</Filter>
    </ClInclude>
    <ClInclude Include="DFS.h">
      <Filter>헤더 파일</Filter>
    </ClInclude>
    <ClInclude Include="BFS.h">
      <Filter>헤더 파일</Filter>
    </ClInclude>
    <ClInclude Include="PrimMST.h">
      <Filter>헤더 파일</Filter>
    </ClInclude>
    <ClInclude Include="KruskalMST.h">
      <Filter>헤더 파일</Filter>
    </ClInclude>
    <ClInclude Include="Dijkstra.h">
      <Filter>헤더 파일</Filter>
    </ClInclude>
    <ClInclude Include="BellmanFord.h">
      <Filter>헤더 파일</Filter>
    </ClInclude>
    <ClInclude Include="Floyd.h">
      <Filter>헤더 파일</Filter>
    </ClInclude>
    <ClInclude Include="DAG.h">
      <Filter>헤더 파일</Filter>
    </ClInclude>
    <ClInclude Include="LinkedSet.h">
      <Filter>헤더 파일</Filter>
    </ClInclude>
    <ClInclude Include="TreeSet.h">
      <Filter>헤더 파일</Filter>
    </ClInclude>
    <ClInclude Include="Dynamic.h">
      <Filter>헤더 파일</Filter>
    </ClInclude>
    <ClInclude Include="StateSpaceTree.h">
      <Filter>헤더 파일</Filter>
    </ClInclude>
    <ClInclude Include="Backtracking.h">
      <Filter>헤더 파일</Filter>
    </ClInclude>
    <ClInclude Include="Prunning.h">
      <Filter>헤더 파일</Filter>
    </ClInclude>
    <ClInclude Include="aStar.h">
      <Filter>헤더 파일</Filter>
    </ClInclude>
    <ClInclude Include="TreeSearch.h">
      <Filter>헤더 파일</Filter>
    </ClInclude>
    <ClInclude Include="RedBlackTree.h">
      <Filter>헤더 파일</Filter>
    </ClInclude>
    <ClInclude Include="BTree.h">
      <Filter>헤더 파일</Filter>
    </ClInclude>
    <ClInclude Include="KDTree.h">
      <Filter>헤더 파일</Filter>
    </ClInclude>
    <ClInclude Include="KDBTree.h">
      <Filter>헤더 파일</Filter>
    </ClInclude>
    <ClInclude Include="RTree.h">
      <Filter>헤더 파일</Filter>
    </ClInclude>
  </ItemGroup>
</Project>